<?xml version="1.0" encoding="utf-8"?>
<Project ToolsVersion="4.0" xmlns="http://schemas.microsoft.com/developer/msbuild/2003">
  <ItemGroup>
    <Filter Include="Source Files">
      <UniqueIdentifier>{533f22c9-af8f-4609-814b-1a9dbee76dd4}</UniqueIdentifier>
      <Extensions>cpp;c;cxx;def;odl;idl;hpj;bat;asm</Extensions>
    </Filter>
    <Filter Include="Header Files">
      <UniqueIdentifier>{edca00fe-183c-42fe-b2d3-6b80dfd8a911}</UniqueIdentifier>
      <Extensions>h;hpp;hxx;hm;inl;inc</Extensions>
    </Filter>
    <Filter Include="Resource Files">
      <UniqueIdentifier>{5830f53c-5e0c-4c6f-b519-06e571c5f4af}</UniqueIdentifier>
      <Extensions>rc;ico;cur;bmp;dlg;rc2;rct;bin;rgs;jpg;jpeg;jpe;manifest</Extensions>
    </Filter>
  </ItemGroup>
  <ItemGroup>
    <ClCompile Include="src\ODIN\AboutDlg.cpp">
      <Filter>Source Files</Filter>
    </ClCompile>
    <ClCompile Include="src\ODIN\BufferQueue.cpp">
      <Filter>Source Files</Filter>
    </ClCompile>
    <ClCompile Include="src\ODIN\CmdLineException.cpp">
      <Filter>Source Files</Filter>
    </ClCompile>
    <ClCompile Include="src\ODIN\CommandLineProcessor.cpp">
      <Filter>Source Files</Filter>
    </ClCompile>
    <ClCompile Include="src\ODIN\CompressedRunLengthStream.cpp">
      <Filter>Source Files</Filter>
    </ClCompile>
    <ClCompile Include="src\ODIN\CompressionException.cpp">
      <Filter>Source Files</Filter>
    </ClCompile>
    <ClCompile Include="src\ODIN\CompressionThread.cpp">
      <Filter>Source Files</Filter>
    </ClCompile>
    <ClCompile Include="src\ODIN\Config.cpp">
      <Filter>Source Files</Filter>
    </ClCompile>
    <ClCompile Include="src\ODIN\crc32.cpp">
      <Filter>Source Files</Filter>
    </ClCompile>
    <ClCompile Include="src\ODIN\DecompressionThread.cpp">
      <Filter>Source Files</Filter>
    </ClCompile>
    <ClCompile Include="src\ODIN\DriveList.cpp">
      <Filter>Source Files</Filter>
    </ClCompile>
    <ClCompile Include="src\ODIN\DriveUtil.cpp">
      <Filter>Source Files</Filter>
    </ClCompile>
    <ClCompile Include="src\ODIN\Exception.cpp">
      <Filter>Source Files</Filter>
    </ClCompile>
    <ClCompile Include="src\ODIN\FileFormatException.cpp">
      <Filter>Source Files</Filter>
    </ClCompile>
    <ClCompile Include="src\ODIN\FileHeader.cpp">
      <Filter>Source Files</Filter>
    </ClCompile>
    <ClCompile Include="src\ODIN\FileNameUtil.cpp">
      <Filter>Source Files</Filter>
    </ClCompile>
    <ClCompile Include="src\ODIN\ImageStream.cpp">
      <Filter>Source Files</Filter>
    </ClCompile>
    <ClCompile Include="src\ODIN\IniWrapper.cpp">
      <Filter>Source Files</Filter>
    </ClCompile>
    <ClCompile Include="src\ODIN\InternalException.cpp">
      <Filter>Source Files</Filter>
    </ClCompile>
    <ClCompile Include="src\ODIN\MultiPartitionHandler.cpp">
      <Filter>Source Files</Filter>
    </ClCompile>
    <ClCompile Include="src\ODIN\ODIN.cpp">
      <Filter>Source Files</Filter>
    </ClCompile>
    <ClCompile Include="src\ODIN\ODINDlg.cpp">
      <Filter>Source Files</Filter>
    </ClCompile>
    <ClCompile Include="src\ODIN\OdinManager.cpp">
      <Filter>Source Files</Filter>
    </ClCompile>
    <ClCompile Include="src\ODIN\OptionsDlg.cpp">
      <Filter>Source Files</Filter>
    </ClCompile>
    <ClCompile Include="src\ODIN\OSException.cpp">
      <Filter>Source Files</Filter>
    </ClCompile>
    <ClCompile Include="src\ODIN\ParamChecker.cpp">
      <Filter>Source Files</Filter>
    </ClCompile>
    <ClCompile Include="src\ODIN\PartitionInfoMgr.cpp">
      <Filter>Source Files</Filter>
    </ClCompile>
    <ClCompile Include="src\ODIN\ReadThread.cpp">
      <Filter>Source Files</Filter>
    </ClCompile>
    <ClCompile Include="src\ODIN\SplitManager.cpp">
      <Filter>Source Files</Filter>
    </ClCompile>
    <ClCompile Include="src\ODIN\stdafx.cpp">
      <Filter>Source Files</Filter>
    </ClCompile>
    <ClCompile Include="src\ODIN\UserFeedbackConsole.cpp">
      <Filter>Source Files</Filter>
    </ClCompile>
    <ClCompile Include="src\ODIN\Util.cpp">
      <Filter>Source Files</Filter>
    </ClCompile>
    <ClCompile Include="src\ODIN\VSSException.cpp">
      <Filter>Source Files</Filter>
    </ClCompile>
    <ClCompile Include="src\ODIN\VSSWrapper.cpp">
      <Filter>Source Files</Filter>
    </ClCompile>
    <ClCompile Include="src\ODIN\WriteThread.cpp">
      <Filter>Source Files</Filter>
    </ClCompile>
  </ItemGroup>
  <ItemGroup>
    <ClInclude Include="src\ODIN\AboutDlg.h">
      <Filter>Header Files</Filter>
    </ClInclude>
    <ClInclude Include="src\ODIN\BufferQueue.h">
      <Filter>Header Files</Filter>
    </ClInclude>
    <ClInclude Include="src\ODIN\buildnumber.h">
      <Filter>Header Files</Filter>
    </ClInclude>
    <ClInclude Include="src\ODIN\CmdLineException.h">
      <Filter>Header Files</Filter>
    </ClInclude>
    <ClInclude Include="src\ODIN\CmdLineParser.h">
      <Filter>Header Files</Filter>
    </ClInclude>
    <ClInclude Include="src\ODIN\CommandLineProcessor.h">
      <Filter>Header Files</Filter>
    </ClInclude>
    <ClInclude Include="src\ODIN\CompressedRunLengthStream.h">
      <Filter>Header Files</Filter>
    </ClInclude>
    <ClInclude Include="src\ODIN\Compression.h">
      <Filter>Header Files</Filter>
    </ClInclude>
    <ClInclude Include="src\ODIN\CompressionException.h">
      <Filter>Header Files</Filter>
    </ClInclude>
    <ClInclude Include="src\ODIN\CompressionThread.h">
      <Filter>Header Files</Filter>
    </ClInclude>
    <ClInclude Include="src\ODIN\Config.h">
      <Filter>Header Files</Filter>
    </ClInclude>
    <ClInclude Include="src\ODIN\crc32.h">
      <Filter>Header Files</Filter>
    </ClInclude>
    <ClInclude Include="src\ODIN\DebugMem.h">
      <Filter>Header Files</Filter>
    </ClInclude>
    <ClInclude Include="src\ODIN\DecompressionThread.h">
      <Filter>Header Files</Filter>
    </ClInclude>
    <ClInclude Include="src\ODIN\DriveList.h">
      <Filter>Header Files</Filter>
    </ClInclude>
    <ClInclude Include="src\ODIN\DriveUtil.h">
      <Filter>Header Files</Filter>
    </ClInclude>
    <ClInclude Include="src\ODIN\Exception.h">
      <Filter>Header Files</Filter>
    </ClInclude>
    <ClInclude Include="src\ODIN\FileFormatException.h">
      <Filter>Header Files</Filter>
    </ClInclude>
    <ClInclude Include="src\ODIN\FileHeader.h">
      <Filter>Header Files</Filter>
    </ClInclude>
    <ClInclude Include="src\ODIN\FileNameUtil.h">
      <Filter>Header Files</Filter>
    </ClInclude>
    <ClInclude Include="src\ODIN\IImageStream.h">
      <Filter>Header Files</Filter>
    </ClInclude>
    <ClInclude Include="src\ODIN\ImageStream.h">
      <Filter>Header Files</Filter>
    </ClInclude>
    <ClInclude Include="src\ODIN\IniWrapper.h">
      <Filter>Header Files</Filter>
    </ClInclude>
    <ClInclude Include="src\ODIN\InternalException.h">
      <Filter>Header Files</Filter>
    </ClInclude>
    <ClInclude Include="src\ODIN\IRunLengthStreamReader.h">
      <Filter>Header Files</Filter>
    </ClInclude>
    <ClInclude Include="src\ODIN\MultiPartitionHandler.h">
      <Filter>Header Files</Filter>
    </ClInclude>
    <ClInclude Include="src\ODIN\ODINDlg.h">
      <Filter>Header Files</Filter>
    </ClInclude>
    <ClInclude Include="src\ODIN\OdinManager.h">
      <Filter>Header Files</Filter>
    </ClInclude>
    <ClInclude Include="src\ODIN\OdinThread.h">
      <Filter>Header Files</Filter>
    </ClInclude>
    <ClInclude Include="src\ODIN\OptionsDlg.h">
      <Filter>Header Files</Filter>
    </ClInclude>
    <ClInclude Include="src\ODIN\OSException.h">
      <Filter>Header Files</Filter>
    </ClInclude>
    <ClInclude Include="src\ODIN\ParamChecker.h">
      <Filter>Header Files</Filter>
    </ClInclude>
    <ClInclude Include="src\ODIN\PartitionInfoMgr.h">
      <Filter>Header Files</Filter>
    </ClInclude>
    <ClInclude Include="src\ODIN\ReadThread.h">
      <Filter>Header Files</Filter>
    </ClInclude>
    <ClInclude Include="src\ODIN\resource.h">
      <Filter>Header Files</Filter>
    </ClInclude>
    <ClInclude Include="src\ODIN\SplitManager.h">
      <Filter>Header Files</Filter>
    </ClInclude>
    <ClInclude Include="src\ODIN\SplitManagerCallback.h">
      <Filter>Header Files</Filter>
    </ClInclude>
    <ClInclude Include="src\ODIN\stdafx.h">
      <Filter>Header Files</Filter>
    </ClInclude>
    <ClInclude Include="src\ODIN\Thread.h">
      <Filter>Header Files</Filter>
    </ClInclude>
    <ClInclude Include="src\ODIN\UserFeedback.h">
      <Filter>Header Files</Filter>
    </ClInclude>
    <ClInclude Include="src\ODIN\UserFeedbackConsole.h">
      <Filter>Header Files</Filter>
    </ClInclude>
    <ClInclude Include="src\ODIN\UserFeedbackGUI.h">
      <Filter>Header Files</Filter>
    </ClInclude>
    <ClInclude Include="src\ODIN\Util.h">
      <Filter>Header Files</Filter>
    </ClInclude>
    <ClInclude Include="src\ODIN\VSSException.h">
      <Filter>Header Files</Filter>
    </ClInclude>
    <ClInclude Include="src\ODIN\VSSWrapper.h">
      <Filter>Header Files</Filter>
    </ClInclude>
    <ClInclude Include="src\ODIN\WriteThread.h">
      <Filter>Header Files</Filter>
    </ClInclude>
  </ItemGroup>
  <ItemGroup>
    <Image Include="src\ODIN\res\ODIN.ico">
      <Filter>Resource Files</Filter>
    </Image>
  </ItemGroup>
  <ItemGroup>
    <ResourceCompile Include="src\ODIN\ODIN.rc">
      <Filter>Resource Files</Filter>
    </ResourceCompile>
  </ItemGroup>
  <ItemGroup>
    <Manifest Include="ODIN.exe.manifest">
      <Filter>Resource Files</Filter>
    </Manifest>
  </ItemGroup>
  <ItemGroup>
    <Text Include="doc\todo.txt" />
  </ItemGroup>
  <ItemGroup>
    <CustomBuild Include="doc\license.html" />
  </ItemGroup>
</Project>