<?xml version="1.0" encoding="utf-8"?>
<Project ToolsVersion="4.0" xmlns="http://schemas.microsoft.com/developer/msbuild/2003">
  <ItemGroup>
    <Filter Include="Source Files">
      <UniqueIdentifier>{4FC737F1-C7A5-4376-A066-2A32D752A2FF}</UniqueIdentifier>
      <Extensions>cpp;c;cc;cxx;def;odl;idl;hpj;bat;asm;asmx</Extensions>
    </Filter>
    <Filter Include="Header Files">
      <UniqueIdentifier>{93995380-89BD-4b04-88EB-625FBE52EBFB}</UniqueIdentifier>
      <Extensions>h;hpp;hxx;hm;inl;inc;xsd</Extensions>
    </Filter>
    <Filter Include="Test Files">
      <UniqueIdentifier>{1b4b0775-a0fe-4857-8ba1-96882caead68}</UniqueIdentifier>
    </Filter>
  </ItemGroup>
  <ItemGroup>
    <ClCompile Include="src\ODIN\BufferQueue.cpp">
      <Filter>Source Files</Filter>
    </ClCompile>
    <ClCompile Include="src\ODIN\CmdLineException.cpp">
      <Filter>Source Files</Filter>
    </ClCompile>
    <ClCompile Include="src\ODIN\CommandLineProcessor.cpp">
      <Filter>Source Files</Filter>
    </ClCompile>
    <ClCompile Include="src\ODIN\CompressedRunLengthStream.cpp">
      <Filter>Source Files</Filter>
    </ClCompile>
    <ClCompile Include="src\ODIN\CompressionException.cpp">
      <Filter>Source Files</Filter>
    </ClCompile>
    <ClCompile Include="src\ODIN\CompressionThread.cpp">
      <Filter>Source Files</Filter>
    </ClCompile>
    <ClCompile Include="src\ODIN\Config.cpp">
      <Filter>Source Files</Filter>
    </ClCompile>
    <ClCompile Include="src\ODIN\crc32.cpp">
      <Filter>Source Files</Filter>
    </ClCompile>
    <ClCompile Include="src\ODIN\DecompressionThread.cpp">
      <Filter>Source Files</Filter>
    </ClCompile>
    <ClCompile Include="src\ODIN\DriveList.cpp">
      <Filter>Source Files</Filter>
    </ClCompile>
    <ClCompile Include="src\ODIN\DriveUtil.cpp">
      <Filter>Source Files</Filter>
    </ClCompile>
    <ClCompile Include="src\ODIN\Exception.cpp">
      <Filter>Source Files</Filter>
    </ClCompile>
    <ClCompile Include="src\ODIN\FileFormatException.cpp">
      <Filter>Source Files</Filter>
    </ClCompile>
    <ClCompile Include="src\ODIN\FileHeader.cpp">
      <Filter>Source Files</Filter>
    </ClCompile>
    <ClCompile Include="src\ODIN\ImageStream.cpp">
      <Filter>Source Files</Filter>
    </ClCompile>
    <ClCompile Include="src\ODIN\IniWrapper.cpp">
      <Filter>Source Files</Filter>
    </ClCompile>
    <ClCompile Include="src\ODIN\InternalException.cpp">
      <Filter>Source Files</Filter>
    </ClCompile>
    <ClCompile Include="src\ODIN\MultiPartitionHandler.cpp">
      <Filter>Source Files</Filter>
    </ClCompile>
    <ClCompile Include="src\ODIN\OdinManager.cpp">
      <Filter>Source Files</Filter>
    </ClCompile>
    <ClCompile Include="src\ODIN\OSException.cpp">
      <Filter>Source Files</Filter>
    </ClCompile>
    <ClCompile Include="src\ODIN\ParamChecker.cpp">
      <Filter>Source Files</Filter>
    </ClCompile>
    <ClCompile Include="src\ODIN\PartitionInfoMgr.cpp">
      <Filter>Source Files</Filter>
    </ClCompile>
    <ClCompile Include="src\ODIN\ReadThread.cpp">
      <Filter>Source Files</Filter>
    </ClCompile>
    <ClCompile Include="src\ODIN\SplitManager.cpp">
      <Filter>Source Files</Filter>
    </ClCompile>
    <ClCompile Include="testsrc\ODINTest\stdafx.cpp">
      <Filter>Source Files</Filter>
    </ClCompile>
    <ClCompile Include="src\ODIN\UserFeedbackConsole.cpp">
      <Filter>Source Files</Filter>
    </ClCompile>
    <ClCompile Include="src\ODIN\Util.cpp">
      <Filter>Source Files</Filter>
    </ClCompile>
    <ClCompile Include="src\ODIN\VSSException.cpp">
      <Filter>Source Files</Filter>
    </ClCompile>
    <ClCompile Include="src\ODIN\VSSWrapper.cpp">
      <Filter>Source Files</Filter>
    </ClCompile>
    <ClCompile Include="src\ODIN\WriteThread.cpp">
      <Filter>Source Files</Filter>
    </ClCompile>
    <ClCompile Include="testsrc\ODINTest\BitArrayTest.cpp">
      <Filter>Test Files</Filter>
    </ClCompile>
    <ClCompile Include="testsrc\ODINTest\CmdLineTest.cpp">
      <Filter>Test Files</Filter>
    </ClCompile>
    <ClCompile Include="testsrc\ODINTest\CompressedRunLengthStreamTest.cpp">
      <Filter>Test Files</Filter>
    </ClCompile>
    <ClCompile Include="testsrc\ODINTest\ConfigTest.cpp">
      <Filter>Test Files</Filter>
    </ClCompile>
    <ClCompile Include="testsrc\ODINTest\CreateDeleteThread.cpp">
      <Filter>Test Files</Filter>
    </ClCompile>
    <ClCompile Include="testsrc\ODINTest\ExceptionTest.cpp">
      <Filter>Test Files</Filter>
    </ClCompile>
    <ClCompile Include="testsrc\ODINTest\FileHeaderTest.cpp">
      <Filter>Test Files</Filter>
    </ClCompile>
    <ClCompile Include="src\ODIN\FileNameUtil.cpp">
      <Filter>Test Files</Filter>
    </ClCompile>
    <ClCompile Include="testsrc\ODINTest\ImageStreamSimulator.cpp">
      <Filter>Test Files</Filter>
    </ClCompile>
    <ClCompile Include="testsrc\ODINTest\ImageTest.cpp">
      <Filter>Test Files</Filter>
    </ClCompile>
    <ClCompile Include="testsrc\ODINTest\OdinManagerTest.cpp">
      <Filter>Test Files</Filter>
    </ClCompile>
    <ClCompile Include="testsrc\ODINTest\ODINTest.cpp">
      <Filter>Test Files</Filter>
    </ClCompile>
    <ClCompile Include="testsrc\ODINTest\PartitionInfoMgrTest.cpp">
      <Filter>Test Files</Filter>
    </ClCompile>
    <ClCompile Include="testsrc\ODINTest\RunLengthStreamSimulator.cpp">
      <Filter>Test Files</Filter>
    </ClCompile>
    <ClCompile Include="testsrc\ODINTest\SplitFileTest.cpp">
      <Filter>Test Files</Filter>
    </ClCompile>
  </ItemGroup>
  <ItemGroup>
    <ClInclude Include="src\ODIN\BufferQueue.h">
      <Filter>Header Files</Filter>
    </ClInclude>
    <ClInclude Include="src\ODIN\CmdLineException.h">
      <Filter>Header Files</Filter>
    </ClInclude>
    <ClInclude Include="src\ODIN\CmdLineParser.h">
      <Filter>Header Files</Filter>
    </ClInclude>
    <ClInclude Include="src\ODIN\CommandLineProcessor.h">
      <Filter>Header Files</Filter>
    </ClInclude>
    <ClInclude Include="src\ODIN\CompressedRunLengthStream.h">
      <Filter>Header Files</Filter>
    </ClInclude>
    <ClInclude Include="src\ODIN\CompressionException.h">
      <Filter>Header Files</Filter>
    </ClInclude>
    <ClInclude Include="src\ODIN\CompressionThread.h">
      <Filter>Header Files</Filter>
    </ClInclude>
    <ClInclude Include="src\ODIN\Config.h">
      <Filter>Header Files</Filter>
    </ClInclude>
    <ClInclude Include="src\ODIN\crc32.h">
      <Filter>Header Files</Filter>
    </ClInclude>
    <ClInclude Include="src\ODIN\DecompressionThread.h">
      <Filter>Header Files</Filter>
    </ClInclude>
    <ClInclude Include="src\ODIN\DriveList.h">
      <Filter>Header Files</Filter>
    </ClInclude>
    <ClInclude Include="src\ODIN\DriveUtil.h">
      <Filter>Header Files</Filter>
    </ClInclude>
    <ClInclude Include="src\ODIN\Exception.h">
      <Filter>Header Files</Filter>
    </ClInclude>
    <ClInclude Include="src\ODIN\FileFormatException.h">
      <Filter>Header Files</Filter>
    </ClInclude>
    <ClInclude Include="src\ODIN\FileHeader.h">
      <Filter>Header Files</Filter>
    </ClInclude>
    <ClInclude Include="src\ODIN\FileNameUtil.h">
      <Filter>Header Files</Filter>
    </ClInclude>
    <ClInclude Include="src\ODIN\ImageStream.h">
      <Filter>Header Files</Filter>
    </ClInclude>
    <ClInclude Include="src\ODIN\IniWrapper.h">
      <Filter>Header Files</Filter>
    </ClInclude>
    <ClInclude Include="src\ODIN\InternalException.h">
      <Filter>Header Files</Filter>
    </ClInclude>
    <ClInclude Include="src\ODIN\MultiPartitionHandler.h">
      <Filter>Header Files</Filter>
    </ClInclude>
    <ClInclude Include="src\ODIN\OdinManager.h">
      <Filter>Header Files</Filter>
    </ClInclude>
    <ClInclude Include="src\ODIN\OdinThread.h">
      <Filter>Header Files</Filter>
    </ClInclude>
    <ClInclude Include="src\ODIN\OSException.h">
      <Filter>Header Files</Filter>
    </ClInclude>
    <ClInclude Include="src\ODIN\ParamChecker.h">
      <Filter>Header Files</Filter>
    </ClInclude>
    <ClInclude Include="src\ODIN\PartitionInfoMgr.h">
      <Filter>Header Files</Filter>
    </ClInclude>
    <ClInclude Include="src\ODIN\ReadThread.h">
      <Filter>Header Files</Filter>
    </ClInclude>
    <ClInclude Include="src\ODIN\SplitManager.h">
      <Filter>Header Files</Filter>
    </ClInclude>
    <ClInclude Include="src\ODIN\SplitManagerCallback.h">
      <Filter>Header Files</Filter>
    </ClInclude>
    <ClInclude Include="testsrc\ODINTest\stdafx.h">
      <Filter>Header Files</Filter>
    </ClInclude>
    <ClInclude Include="src\ODIN\Thread.h">
      <Filter>Header Files</Filter>
    </ClInclude>
    <ClInclude Include="src\ODIN\UserFeedback.h">
      <Filter>Header Files</Filter>
    </ClInclude>
    <ClInclude Include="src\ODIN\UserFeedbackGUI.h">
      <Filter>Header Files</Filter>
    </ClInclude>
    <ClInclude Include="src\ODIN\Util.h">
      <Filter>Header Files</Filter>
    </ClInclude>
    <ClInclude Include="src\ODIN\VSSException.h">
      <Filter>Header Files</Filter>
    </ClInclude>
    <ClInclude Include="src\ODIN\VSSWrapper.h">
      <Filter>Header Files</Filter>
    </ClInclude>
    <ClInclude Include="src\ODIN\WriteThread.h">
      <Filter>Header Files</Filter>
    </ClInclude>
    <ClInclude Include="testsrc\ODINTest\BitArrayTest.h">
      <Filter>Test Files</Filter>
    </ClInclude>
    <ClInclude Include="testsrc\ODINTest\CmdLineTest.h">
      <Filter>Test Files</Filter>
    </ClInclude>
    <ClInclude Include="testsrc\ODINTest\CompressedRunLengthStreamTest.h">
      <Filter>Test Files</Filter>
    </ClInclude>
    <ClInclude Include="testsrc\ODINTest\ConfigTest.h">
      <Filter>Test Files</Filter>
    </ClInclude>
    <ClInclude Include="testsrc\ODINTest\CreateDeleteThread.h">
      <Filter>Test Files</Filter>
    </ClInclude>
    <ClInclude Include="testsrc\ODINTest\ExceptionTest.h">
      <Filter>Test Files</Filter>
    </ClInclude>
    <ClInclude Include="testsrc\ODINTest\FileHeaderTest.h">
      <Filter>Test Files</Filter>
    </ClInclude>
    <ClInclude Include="testsrc\ODINTest\ImageStreamSimulator.h">
      <Filter>Test Files</Filter>
    </ClInclude>
    <ClInclude Include="testsrc\ODINTest\ImageTest.h">
      <Filter>Test Files</Filter>
    </ClInclude>
    <ClInclude Include="testsrc\ODINTest\OdinManagerTest.h">
      <Filter>Test Files</Filter>
    </ClInclude>
    <ClInclude Include="testsrc\ODINTest\PartitionInfoMgrTest.h">
      <Filter>Test Files</Filter>
    </ClInclude>
    <ClInclude Include="testsrc\ODINTest\RunLengthStreamSimulator.h">
      <Filter>Test Files</Filter>
    </ClInclude>
    <ClInclude Include="testsrc\ODINTest\SplitFileTest.h">
      <Filter>Test Files</Filter>
    </ClInclude>
  </ItemGroup>
</Project>